// !$*UTF8*$!
{
	archiveVersion = 1;
	classes = {
	};
	objectVersion = 77;
	objects = {

/* Begin PBXBuildFile section */
		88307E242D81D30B00E35A35 /* ProgressBarView.swift in Sources */ = {isa = PBXBuildFile; fileRef = 88307E1B2D81D30B00E35A35 /* ProgressBarView.swift */; };
		88307E252D81D30B00E35A35 /* RewiringView.swift in Sources */ = {isa = PBXBuildFile; fileRef = 88307E222D81D30B00E35A35 /* RewiringView.swift */; };
		88307E262D81D30B00E35A35 /* ActionButtonView.swift in Sources */ = {isa = PBXBuildFile; fileRef = 88307E192D81D30B00E35A35 /* ActionButtonView.swift */; };
		88307E272D81D30B00E35A35 /* HourglassView.swift in Sources */ = {isa = PBXBuildFile; fileRef = 88307E1A2D81D30B00E35A35 /* HourglassView.swift */; };
		88307E282D81D30B00E35A35 /* ContentView.swift in Sources */ = {isa = PBXBuildFile; fileRef = 88307E1F2D81D30B00E35A35 /* ContentView.swift */; };
		88307E292D81D30B00E35A35 /* RecoveryTimelineCard.swift in Sources */ = {isa = PBXBuildFile; fileRef = 88307E1D2D81D30B00E35A35 /* RecoveryTimelineCard.swift */; };
		88307E2A2D81D30B00E35A35 /* ProfileView.swift in Sources */ = {isa = PBXBuildFile; fileRef = 88307E212D81D30B00E35A35 /* ProfileView.swift */; };
		88307E2B2D81D30B00E35A35 /* HomeView.swift in Sources */ = {isa = PBXBuildFile; fileRef = 88307E202D81D30B00E35A35 /* HomeView.swift */; };
		88307E2C2D81D30B00E35A35 /* ProgressMetricView.swift in Sources */ = {isa = PBXBuildFile; fileRef = 88307E1C2D81D30B00E35A35 /* ProgressMetricView.swift */; };
		88E4AB382D828B87006239F6 /* SupportView.swift in Sources */ = {isa = PBXBuildFile; fileRef = 88E4AB362D828B87006239F6 /* SupportView.swift */; };
		88E4AB392D828B87006239F6 /* TrackingView.swift in Sources */ = {isa = PBXBuildFile; fileRef = 88E4AB372D828B87006239F6 /* TrackingView.swift */; };
		88E4AB3A2D828B87006239F6 /* ChallengeView.swift in Sources */ = {isa = PBXBuildFile; fileRef = 88E4AB352D828B87006239F6 /* ChallengeView.swift */; };
/* End PBXBuildFile section */

/* Begin PBXContainerItemProxy section */
		886D18BE2D811826005E8578 /* PBXContainerItemProxy */ = {
			isa = PBXContainerItemProxy;
			containerPortal = 886D18A42D811824005E8578 /* Project object */;
			proxyType = 1;
			remoteGlobalIDString = 886D18AB2D811824005E8578;
			remoteInfo = Rewire;
		};
		886D18C82D811826005E8578 /* PBXContainerItemProxy */ = {
			isa = PBXContainerItemProxy;
			containerPortal = 886D18A42D811824005E8578 /* Project object */;
			proxyType = 1;
			remoteGlobalIDString = 886D18AB2D811824005E8578;
			remoteInfo = Rewire;
		};
/* End PBXContainerItemProxy section */

/* Begin PBXFileReference section */
		88307DF82D81D25200E35A35 /* Rewire.app */ = {isa = PBXFileReference; explicitFileType = wrapper.application; includeInIndex = 0; path = Rewire.app; sourceTree = BUILT_PRODUCTS_DIR; };
		88307DF92D81D25200E35A35 /* RewireTests.xctest */ = {isa = PBXFileReference; explicitFileType = wrapper.cfbundle; includeInIndex = 0; path = RewireTests.xctest; sourceTree = BUILT_PRODUCTS_DIR; };
		88307DFA2D81D25200E35A35 /* RewireUITests.xctest */ = {isa = PBXFileReference; explicitFileType = wrapper.cfbundle; includeInIndex = 0; path = RewireUITests.xctest; sourceTree = BUILT_PRODUCTS_DIR; };
		88307E192D81D30B00E35A35 /* ActionButtonView.swift */ = {isa = PBXFileReference; lastKnownFileType = sourcecode.swift; path = ActionButtonView.swift; sourceTree = "<group>"; };
		88307E1A2D81D30B00E35A35 /* HourglassView.swift */ = {isa = PBXFileReference; lastKnownFileType = sourcecode.swift; path = HourglassView.swift; sourceTree = "<group>"; };
		88307E1B2D81D30B00E35A35 /* ProgressBarView.swift */ = {isa = PBXFileReference; lastKnownFileType = sourcecode.swift; path = ProgressBarView.swift; sourceTree = "<group>"; };
		88307E1C2D81D30B00E35A35 /* ProgressMetricView.swift */ = {isa = PBXFileReference; lastKnownFileType = sourcecode.swift; path = ProgressMetricView.swift; sourceTree = "<group>"; };
		88307E1D2D81D30B00E35A35 /* RecoveryTimelineCard.swift */ = {isa = PBXFileReference; lastKnownFileType = sourcecode.swift; path = RecoveryTimelineCard.swift; sourceTree = "<group>"; };
		88307E1F2D81D30B00E35A35 /* ContentView.swift */ = {isa = PBXFileReference; lastKnownFileType = sourcecode.swift; path = ContentView.swift; sourceTree = "<group>"; };
		88307E202D81D30B00E35A35 /* HomeView.swift */ = {isa = PBXFileReference; lastKnownFileType = sourcecode.swift; path = HomeView.swift; sourceTree = "<group>"; };
		88307E212D81D30B00E35A35 /* ProfileView.swift */ = {isa = PBXFileReference; lastKnownFileType = sourcecode.swift; path = ProfileView.swift; sourceTree = "<group>"; };
		88307E222D81D30B00E35A35 /* RewiringView.swift */ = {isa = PBXFileReference; lastKnownFileType = sourcecode.swift; path = RewiringView.swift; sourceTree = "<group>"; };
		88E4AB352D828B87006239F6 /* ChallengeView.swift */ = {isa = PBXFileReference; lastKnownFileType = sourcecode.swift; path = ChallengeView.swift; sourceTree = "<group>"; };
		88E4AB362D828B87006239F6 /* SupportView.swift */ = {isa = PBXFileReference; lastKnownFileType = sourcecode.swift; path = SupportView.swift; sourceTree = "<group>"; };
		88E4AB372D828B87006239F6 /* TrackingView.swift */ = {isa = PBXFileReference; lastKnownFileType = sourcecode.swift; path = TrackingView.swift; sourceTree = "<group>"; };
/* End PBXFileReference section */

/* Begin PBXFileSystemSynchronizedRootGroup section */
		886D18AE2D811824005E8578 /* Rewire */ = {
			isa = PBXFileSystemSynchronizedRootGroup;
			path = Rewire;
			sourceTree = "<group>";
		};
		886D18C02D811826005E8578 /* RewireTests */ = {
			isa = PBXFileSystemSynchronizedRootGroup;
			path = RewireTests;
			sourceTree = "<group>";
		};
		886D18CA2D811826005E8578 /* RewireUITests */ = {
			isa = PBXFileSystemSynchronizedRootGroup;
			path = RewireUITests;
			sourceTree = "<group>";
		};
/* End PBXFileSystemSynchronizedRootGroup section */

/* Begin PBXFrameworksBuildPhase section */
		886D18A92D811824005E8578 /* Frameworks */ = {
			isa = PBXFrameworksBuildPhase;
			buildActionMask = 2147483647;
			files = (
			);
			runOnlyForDeploymentPostprocessing = 0;
		};
		886D18BA2D811826005E8578 /* Frameworks */ = {
			isa = PBXFrameworksBuildPhase;
			buildActionMask = 2147483647;
			files = (
			);
			runOnlyForDeploymentPostprocessing = 0;
		};
		886D18C42D811826005E8578 /* Frameworks */ = {
			isa = PBXFrameworksBuildPhase;
			buildActionMask = 2147483647;
			files = (
			);
			runOnlyForDeploymentPostprocessing = 0;
		};
/* End PBXFrameworksBuildPhase section */

/* Begin PBXGroup section */
		88307E1E2D81D30B00E35A35 /* Components */ = {
			isa = PBXGroup;
			children = (
				88307E192D81D30B00E35A35 /* ActionButtonView.swift */,
				88307E1A2D81D30B00E35A35 /* HourglassView.swift */,
				88307E1B2D81D30B00E35A35 /* ProgressBarView.swift */,
				88307E1C2D81D30B00E35A35 /* ProgressMetricView.swift */,
				88307E1D2D81D30B00E35A35 /* RecoveryTimelineCard.swift */,
			);
			path = Components;
			sourceTree = "<group>";
		};
		88307E232D81D30B00E35A35 /* Views */ = {
			isa = PBXGroup;
			children = (
				88307E1F2D81D30B00E35A35 /* ContentView.swift */,
				88307E202D81D30B00E35A35 /* HomeView.swift */,
				88E4AB352D828B87006239F6 /* ChallengeView.swift */,
				88E4AB362D828B87006239F6 /* SupportView.swift */,
				88E4AB372D828B87006239F6 /* TrackingView.swift */,
				88307E212D81D30B00E35A35 /* ProfileView.swift */,
				88307E222D81D30B00E35A35 /* RewiringView.swift */,
			);
			path = Views;
			sourceTree = "<group>";
		};
		886D18A32D811824005E8578 = {
			isa = PBXGroup;
			children = (
				886D18AE2D811824005E8578 /* Rewire */,
				886D18C02D811826005E8578 /* RewireTests */,
				886D18CA2D811826005E8578 /* RewireUITests */,
				88307DF82D81D25200E35A35 /* Rewire.app */,
				88307DF92D81D25200E35A35 /* RewireTests.xctest */,
				88307DFA2D81D25200E35A35 /* RewireUITests.xctest */,
				88307E1E2D81D30B00E35A35 /* Components */,
				88307E232D81D30B00E35A35 /* Views */,
			);
			sourceTree = "<group>";
		};
/* End PBXGroup section */

/* Begin PBXNativeTarget section */
		886D18AB2D811824005E8578 /* Rewire */ = {
			isa = PBXNativeTarget;
			buildConfigurationList = 886D18D12D811826005E8578 /* Build configuration list for PBXNativeTarget "Rewire" */;
			buildPhases = (
				886D18A82D811824005E8578 /* Sources */,
				886D18A92D811824005E8578 /* Frameworks */,
				886D18AA2D811824005E8578 /* Resources */,
			);
			buildRules = (
			);
			dependencies = (
			);
			fileSystemSynchronizedGroups = (
				886D18AE2D811824005E8578 /* Rewire */,
			);
			name = Rewire;
			packageProductDependencies = (
			);
			productName = Rewire;
			productReference = 88307DF82D81D25200E35A35 /* Rewire.app */;
			productType = "com.apple.product-type.application";
		};
		886D18BC2D811826005E8578 /* RewireTests */ = {
			isa = PBXNativeTarget;
			buildConfigurationList = 886D18D42D811826005E8578 /* Build configuration list for PBXNativeTarget "RewireTests" */;
			buildPhases = (
				886D18B92D811826005E8578 /* Sources */,
				886D18BA2D811826005E8578 /* Frameworks */,
				886D18BB2D811826005E8578 /* Resources */,
			);
			buildRules = (
			);
			dependencies = (
				886D18BF2D811826005E8578 /* PBXTargetDependency */,
			);
			fileSystemSynchronizedGroups = (
				886D18C02D811826005E8578 /* RewireTests */,
			);
			name = RewireTests;
			packageProductDependencies = (
			);
			productName = RewireTests;
			productReference = 88307DF92D81D25200E35A35 /* RewireTests.xctest */;
			productType = "com.apple.product-type.bundle.unit-test";
		};
		886D18C62D811826005E8578 /* RewireUITests */ = {
			isa = PBXNativeTarget;
			buildConfigurationList = 886D18D72D811826005E8578 /* Build configuration list for PBXNativeTarget "RewireUITests" */;
			buildPhases = (
				886D18C32D811826005E8578 /* Sources */,
				886D18C42D811826005E8578 /* Frameworks */,
				886D18C52D811826005E8578 /* Resources */,
			);
			buildRules = (
			);
			dependencies = (
				886D18C92D811826005E8578 /* PBXTargetDependency */,
			);
			fileSystemSynchronizedGroups = (
				886D18CA2D811826005E8578 /* RewireUITests */,
			);
			name = RewireUITests;
			packageProductDependencies = (
			);
			productName = RewireUITests;
			productReference = 88307DFA2D81D25200E35A35 /* RewireUITests.xctest */;
			productType = "com.apple.product-type.bundle.ui-testing";
		};
/* End PBXNativeTarget section */

/* Begin PBXProject section */
		886D18A42D811824005E8578 /* Project object */ = {
			isa = PBXProject;
			attributes = {
				BuildIndependentTargetsInParallel = 1;
				LastSwiftUpdateCheck = 1620;
				LastUpgradeCheck = 1620;
				TargetAttributes = {
					886D18AB2D811824005E8578 = {
						CreatedOnToolsVersion = 16.2;
					};
					886D18BC2D811826005E8578 = {
						CreatedOnToolsVersion = 16.2;
						TestTargetID = 886D18AB2D811824005E8578;
					};
					886D18C62D811826005E8578 = {
						CreatedOnToolsVersion = 16.2;
						TestTargetID = 886D18AB2D811824005E8578;
					};
				};
			};
			buildConfigurationList = 886D18A72D811824005E8578 /* Build configuration list for PBXProject "Rewire" */;
			developmentRegion = en;
			hasScannedForEncodings = 0;
			knownRegions = (
				en,
				Base,
			);
			mainGroup = 886D18A32D811824005E8578;
			minimizedProjectReferenceProxies = 1;
			preferredProjectObjectVersion = 77;
			productRefGroup = 886D18A32D811824005E8578;
			projectDirPath = "";
			projectRoot = "";
			targets = (
				886D18AB2D811824005E8578 /* Rewire */,
				886D18BC2D811826005E8578 /* RewireTests */,
				886D18C62D811826005E8578 /* RewireUITests */,
			);
		};
/* End PBXProject section */

/* Begin PBXResourcesBuildPhase section */
		886D18AA2D811824005E8578 /* Resources */ = {
			isa = PBXResourcesBuildPhase;
			buildActionMask = 2147483647;
			files = (
			);
			runOnlyForDeploymentPostprocessing = 0;
		};
		886D18BB2D811826005E8578 /* Resources */ = {
			isa = PBXResourcesBuildPhase;
			buildActionMask = 2147483647;
			files = (
			);
			runOnlyForDeploymentPostprocessing = 0;
		};
		886D18C52D811826005E8578 /* Resources */ = {
			isa = PBXResourcesBuildPhase;
			buildActionMask = 2147483647;
			files = (
			);
			runOnlyForDeploymentPostprocessing = 0;
		};
/* End PBXResourcesBuildPhase section */

/* Begin PBXSourcesBuildPhase section */
		886D18A82D811824005E8578 /* Sources */ = {
			isa = PBXSourcesBuildPhase;
			buildActionMask = 2147483647;
			files = (
				88307E242D81D30B00E35A35 /* ProgressBarView.swift in Sources */,
				88307E252D81D30B00E35A35 /* RewiringView.swift in Sources */,
				88307E262D81D30B00E35A35 /* ActionButtonView.swift in Sources */,
				88307E272D81D30B00E35A35 /* HourglassView.swift in Sources */,
				88E4AB382D828B87006239F6 /* SupportView.swift in Sources */,
				88E4AB392D828B87006239F6 /* TrackingView.swift in Sources */,
				88E4AB3A2D828B87006239F6 /* ChallengeView.swift in Sources */,
				88307E282D81D30B00E35A35 /* ContentView.swift in Sources */,
				88307E292D81D30B00E35A35 /* RecoveryTimelineCard.swift in Sources */,
				88307E2A2D81D30B00E35A35 /* ProfileView.swift in Sources */,
				88307E2B2D81D30B00E35A35 /* HomeView.swift in Sources */,
				88307E2C2D81D30B00E35A35 /* ProgressMetricView.swift in Sources */,
			);
			runOnlyForDeploymentPostprocessing = 0;
		};
		886D18B92D811826005E8578 /* Sources */ = {
			isa = PBXSourcesBuildPhase;
			buildActionMask = 2147483647;
			files = (
			);
			runOnlyForDeploymentPostprocessing = 0;
		};
		886D18C32D811826005E8578 /* Sources */ = {
			isa = PBXSourcesBuildPhase;
			buildActionMask = 2147483647;
			files = (
			);
			runOnlyForDeploymentPostprocessing = 0;
		};
/* End PBXSourcesBuildPhase section */

/* Begin PBXTargetDependency section */
		886D18BF2D811826005E8578 /* PBXTargetDependency */ = {
			isa = PBXTargetDependency;
			target = 886D18AB2D811824005E8578 /* Rewire */;
			targetProxy = 886D18BE2D811826005E8578 /* PBXContainerItemProxy */;
		};
		886D18C92D811826005E8578 /* PBXTargetDependency */ = {
			isa = PBXTargetDependency;
			target = 886D18AB2D811824005E8578 /* Rewire */;
			targetProxy = 886D18C82D811826005E8578 /* PBXContainerItemProxy */;
		};
/* End PBXTargetDependency section */

/* Begin XCBuildConfiguration section */
		886D18CF2D811826005E8578 /* Debug */ = {
			isa = XCBuildConfiguration;
			buildSettings = {
				ALWAYS_SEARCH_USER_PATHS = NO;
				ASSETCATALOG_COMPILER_GENERATE_SWIFT_ASSET_SYMBOL_EXTENSIONS = YES;
				CLANG_ANALYZER_NONNULL = YES;
				CLANG_ANALYZER_NUMBER_OBJECT_CONVERSION = YES_AGGRESSIVE;
				CLANG_CXX_LANGUAGE_STANDARD = "gnu++20";
				CLANG_ENABLE_MODULES = YES;
				CLANG_ENABLE_OBJC_ARC = YES;
				CLANG_ENABLE_OBJC_WEAK = YES;
				CLANG_WARN_BLOCK_CAPTURE_AUTORELEASING = YES;
				CLANG_WARN_BOOL_CONVERSION = YES;
				CLANG_WARN_COMMA = YES;
				CLANG_WARN_CONSTANT_CONVERSION = YES;
				CLANG_WARN_DEPRECATED_OBJC_IMPLEMENTATIONS = YES;
				CLANG_WARN_DIRECT_OBJC_ISA_USAGE = YES_ERROR;
				CLANG_WARN_DOCUMENTATION_COMMENTS = YES;
				CLANG_WARN_EMPTY_BODY = YES;
				CLANG_WARN_ENUM_CONVERSION = YES;
				CLANG_WARN_INFINITE_RECURSION = YES;
				CLANG_WARN_INT_CONVERSION = YES;
				CLANG_WARN_NON_LITERAL_NULL_CONVERSION = YES;
				CLANG_WARN_OBJC_IMPLICIT_RETAIN_SELF = YES;
				CLANG_WARN_OBJC_LITERAL_CONVERSION = YES;
				CLANG_WARN_OBJC_ROOT_CLASS = YES_ERROR;
				CLANG_WARN_QUOTED_INCLUDE_IN_FRAMEWORK_HEADER = YES;
				CLANG_WARN_RANGE_LOOP_ANALYSIS = YES;
				CLANG_WARN_STRICT_PROTOTYPES = YES;
				CLANG_WARN_SUSPICIOUS_MOVE = YES;
				CLANG_WARN_UNGUARDED_AVAILABILITY = YES_AGGRESSIVE;
				CLANG_WARN_UNREACHABLE_CODE = YES;
				CLANG_WARN__DUPLICATE_METHOD_MATCH = YES;
				COPY_PHASE_STRIP = NO;
				DEBUG_INFORMATION_FORMAT = dwarf;
				ENABLE_STRICT_OBJC_MSGSEND = YES;
				ENABLE_TESTABILITY = YES;
				ENABLE_USER_SCRIPT_SANDBOXING = YES;
				GCC_C_LANGUAGE_STANDARD = gnu17;
				GCC_DYNAMIC_NO_PIC = NO;
				GCC_NO_COMMON_BLOCKS = YES;
				GCC_OPTIMIZATION_LEVEL = 0;
				GCC_PREPROCESSOR_DEFINITIONS = (
					"DEBUG=1",
					"$(inherited)",
				);
				GCC_WARN_64_TO_32_BIT_CONVERSION = YES;
				GCC_WARN_ABOUT_RETURN_TYPE = YES_ERROR;
				GCC_WARN_UNDECLARED_SELECTOR = YES;
				GCC_WARN_UNINITIALIZED_AUTOS = YES_AGGRESSIVE;
				GCC_WARN_UNUSED_FUNCTION = YES;
				GCC_WARN_UNUSED_VARIABLE = YES;
				LOCALIZATION_PREFERS_STRING_CATALOGS = YES;
				MTL_ENABLE_DEBUG_INFO = INCLUDE_SOURCE;
				MTL_FAST_MATH = YES;
				ONLY_ACTIVE_ARCH = YES;
				SWIFT_ACTIVE_COMPILATION_CONDITIONS = "DEBUG $(inherited)";
				SWIFT_OPTIMIZATION_LEVEL = "-Onone";
			};
			name = Debug;
		};
		886D18D02D811826005E8578 /* Release */ = {
			isa = XCBuildConfiguration;
			buildSettings = {
				ALWAYS_SEARCH_USER_PATHS = NO;
				ASSETCATALOG_COMPILER_GENERATE_SWIFT_ASSET_SYMBOL_EXTENSIONS = YES;
				CLANG_ANALYZER_NONNULL = YES;
				CLANG_ANALYZER_NUMBER_OBJECT_CONVERSION = YES_AGGRESSIVE;
				CLANG_CXX_LANGUAGE_STANDARD = "gnu++20";
				CLANG_ENABLE_MODULES = YES;
				CLANG_ENABLE_OBJC_ARC = YES;
				CLANG_ENABLE_OBJC_WEAK = YES;
				CLANG_WARN_BLOCK_CAPTURE_AUTORELEASING = YES;
				CLANG_WARN_BOOL_CONVERSION = YES;
				CLANG_WARN_COMMA = YES;
				CLANG_WARN_CONSTANT_CONVERSION = YES;
				CLANG_WARN_DEPRECATED_OBJC_IMPLEMENTATIONS = YES;
				CLANG_WARN_DIRECT_OBJC_ISA_USAGE = YES_ERROR;
				CLANG_WARN_DOCUMENTATION_COMMENTS = YES;
				CLANG_WARN_EMPTY_BODY = YES;
				CLANG_WARN_ENUM_CONVERSION = YES;
				CLANG_WARN_INFINITE_RECURSION = YES;
				CLANG_WARN_INT_CONVERSION = YES;
				CLANG_WARN_NON_LITERAL_NULL_CONVERSION = YES;
				CLANG_WARN_OBJC_IMPLICIT_RETAIN_SELF = YES;
				CLANG_WARN_OBJC_LITERAL_CONVERSION = YES;
				CLANG_WARN_OBJC_ROOT_CLASS = YES_ERROR;
				CLANG_WARN_QUOTED_INCLUDE_IN_FRAMEWORK_HEADER = YES;
				CLANG_WARN_RANGE_LOOP_ANALYSIS = YES;
				CLANG_WARN_STRICT_PROTOTYPES = YES;
				CLANG_WARN_SUSPICIOUS_MOVE = YES;
				CLANG_WARN_UNGUARDED_AVAILABILITY = YES_AGGRESSIVE;
				CLANG_WARN_UNREACHABLE_CODE = YES;
				CLANG_WARN__DUPLICATE_METHOD_MATCH = YES;
				COPY_PHASE_STRIP = NO;
				DEBUG_INFORMATION_FORMAT = "dwarf-with-dsym";
				ENABLE_NS_ASSERTIONS = NO;
				ENABLE_STRICT_OBJC_MSGSEND = YES;
				ENABLE_USER_SCRIPT_SANDBOXING = YES;
				GCC_C_LANGUAGE_STANDARD = gnu17;
				GCC_NO_COMMON_BLOCKS = YES;
				GCC_WARN_64_TO_32_BIT_CONVERSION = YES;
				GCC_WARN_ABOUT_RETURN_TYPE = YES_ERROR;
				GCC_WARN_UNDECLARED_SELECTOR = YES;
				GCC_WARN_UNINITIALIZED_AUTOS = YES_AGGRESSIVE;
				GCC_WARN_UNUSED_FUNCTION = YES;
				GCC_WARN_UNUSED_VARIABLE = YES;
				LOCALIZATION_PREFERS_STRING_CATALOGS = YES;
				MTL_ENABLE_DEBUG_INFO = NO;
				MTL_FAST_MATH = YES;
				SWIFT_COMPILATION_MODE = wholemodule;
			};
			name = Release;
		};
		886D18D22D811826005E8578 /* Debug */ = {
			isa = XCBuildConfiguration;
			buildSettings = {
				ASSETCATALOG_COMPILER_APPICON_NAME = AppIcon;
				ASSETCATALOG_COMPILER_GLOBAL_ACCENT_COLOR_NAME = AccentColor;
				CODE_SIGN_ENTITLEMENTS = Rewire/Rewire.entitlements;
				CODE_SIGN_STYLE = Automatic;
				CURRENT_PROJECT_VERSION = 1;
				DEVELOPMENT_ASSET_PATHS = "\"Rewire/Preview Content\"";
				ENABLE_PREVIEWS = YES;
				GENERATE_INFOPLIST_FILE = YES;
				"INFOPLIST_KEY_UIApplicationSceneManifest_Generation[sdk=iphoneos*]" = YES;
				"INFOPLIST_KEY_UIApplicationSceneManifest_Generation[sdk=iphonesimulator*]" = YES;
				"INFOPLIST_KEY_UIApplicationSupportsIndirectInputEvents[sdk=iphoneos*]" = YES;
				"INFOPLIST_KEY_UIApplicationSupportsIndirectInputEvents[sdk=iphonesimulator*]" = YES;
				"INFOPLIST_KEY_UILaunchScreen_Generation[sdk=iphoneos*]" = YES;
				"INFOPLIST_KEY_UILaunchScreen_Generation[sdk=iphonesimulator*]" = YES;
				"INFOPLIST_KEY_UIStatusBarStyle[sdk=iphoneos*]" = UIStatusBarStyleDefault;
				"INFOPLIST_KEY_UIStatusBarStyle[sdk=iphonesimulator*]" = UIStatusBarStyleDefault;
				INFOPLIST_KEY_UISupportedInterfaceOrientations_iPad = "UIInterfaceOrientationPortrait UIInterfaceOrientationPortraitUpsideDown UIInterfaceOrientationLandscapeLeft UIInterfaceOrientationLandscapeRight";
				INFOPLIST_KEY_UISupportedInterfaceOrientations_iPhone = "UIInterfaceOrientationPortrait UIInterfaceOrientationLandscapeLeft UIInterfaceOrientationLandscapeRight";
				IPHONEOS_DEPLOYMENT_TARGET = 18.2;
				LD_RUNPATH_SEARCH_PATHS = "@executable_path/Frameworks";
				"LD_RUNPATH_SEARCH_PATHS[sdk=macosx*]" = "@executable_path/../Frameworks";
				MACOSX_DEPLOYMENT_TARGET = 14.6;
				MARKETING_VERSION = 1.0;
				PRODUCT_BUNDLE_IDENTIFIER = RewireApp.Rewire;
				PRODUCT_NAME = "$(TARGET_NAME)";
				SDKROOT = auto;
				SUPPORTED_PLATFORMS = "iphoneos iphonesimulator macosx xros xrsimulator";
				SWIFT_EMIT_LOC_STRINGS = YES;
				SWIFT_VERSION = 5.0;
				TARGETED_DEVICE_FAMILY = "1,2,7";
				XROS_DEPLOYMENT_TARGET = 2.2;
			};
			name = Debug;
		};
		886D18D32D811826005E8578 /* Release */ = {
			isa = XCBuildConfiguration;
			buildSettings = {
				ASSETCATALOG_COMPILER_APPICON_NAME = AppIcon;
				ASSETCATALOG_COMPILER_GLOBAL_ACCENT_COLOR_NAME = AccentColor;
				CODE_SIGN_ENTITLEMENTS = Rewire/Rewire.entitlements;
				CODE_SIGN_STYLE = Automatic;
				CURRENT_PROJECT_VERSION = 1;
				DEVELOPMENT_ASSET_PATHS = "\"Rewire/Preview Content\"";
				ENABLE_PREVIEWS = YES;
				GENERATE_INFOPLIST_FILE = YES;
				"INFOPLIST_KEY_UIApplicationSceneManifest_Generation[sdk=iphoneos*]" = YES;
				"INFOPLIST_KEY_UIApplicationSceneManifest_Generation[sdk=iphonesimulator*]" = YES;
				"INFOPLIST_KEY_UIApplicationSupportsIndirectInputEvents[sdk=iphoneos*]" = YES;
				"INFOPLIST_KEY_UIApplicationSupportsIndirectInputEvents[sdk=iphonesimulator*]" = YES;
				"INFOPLIST_KEY_UILaunchScreen_Generation[sdk=iphoneos*]" = YES;
				"INFOPLIST_KEY_UILaunchScreen_Generation[sdk=iphonesimulator*]" = YES;
				"INFOPLIST_KEY_UIStatusBarStyle[sdk=iphoneos*]" = UIStatusBarStyleDefault;
				"INFOPLIST_KEY_UIStatusBarStyle[sdk=iphonesimulator*]" = UIStatusBarStyleDefault;
				INFOPLIST_KEY_UISupportedInterfaceOrientations_iPad = "UIInterfaceOrientationPortrait UIInterfaceOrientationPortraitUpsideDown UIInterfaceOrientationLandscapeLeft UIInterfaceOrientationLandscapeRight";
				INFOPLIST_KEY_UISupportedInterfaceOrientations_iPhone = "UIInterfaceOrientationPortrait UIInterfaceOrientationLandscapeLeft UIInterfaceOrientationLandscapeRight";
				IPHONEOS_DEPLOYMENT_TARGET = 18.2;
				LD_RUNPATH_SEARCH_PATHS = "@executable_path/Frameworks";
				"LD_RUNPATH_SEARCH_PATHS[sdk=macosx*]" = "@executable_path/../Frameworks";
				MACOSX_DEPLOYMENT_TARGET = 14.6;
				MARKETING_VERSION = 1.0;
				PRODUCT_BUNDLE_IDENTIFIER = RewireApp.Rewire;
				PRODUCT_NAME = "$(TARGET_NAME)";
				SDKROOT = auto;
				SUPPORTED_PLATFORMS = "iphoneos iphonesimulator macosx xros xrsimulator";
				SWIFT_EMIT_LOC_STRINGS = YES;
				SWIFT_VERSION = 5.0;
				TARGETED_DEVICE_FAMILY = "1,2,7";
				XROS_DEPLOYMENT_TARGET = 2.2;
			};
			name = Release;
		};
		886D18D52D811826005E8578 /* Debug */ = {
			isa = XCBuildConfiguration;
			buildSettings = {
				BUNDLE_LOADER = "$(TEST_HOST)";
				CODE_SIGN_STYLE = Automatic;
				CURRENT_PROJECT_VERSION = 1;
				GENERATE_INFOPLIST_FILE = YES;
				IPHONEOS_DEPLOYMENT_TARGET = 18.2;
				MACOSX_DEPLOYMENT_TARGET = 14.6;
				MARKETING_VERSION = 1.0;
				PRODUCT_BUNDLE_IDENTIFIER = RewireApp.RewireTests;
				PRODUCT_NAME = "$(TARGET_NAME)";
				SDKROOT = auto;
				SUPPORTED_PLATFORMS = "iphoneos iphonesimulator macosx xros xrsimulator";
				SWIFT_EMIT_LOC_STRINGS = NO;
				SWIFT_VERSION = 5.0;
				TARGETED_DEVICE_FAMILY = "1,2,7";
				TEST_HOST = "$(BUILT_PRODUCTS_DIR)/Rewire.app/$(BUNDLE_EXECUTABLE_FOLDER_PATH)/Rewire";
				XROS_DEPLOYMENT_TARGET = 2.2;
			};
			name = Debug;
		};
		886D18D62D811826005E8578 /* Release */ = {
			isa = XCBuildConfiguration;
			buildSettings = {
				BUNDLE_LOADER = "$(TEST_HOST)";
				CODE_SIGN_STYLE = Automatic;
				CURRENT_PROJECT_VERSION = 1;
				GENERATE_INFOPLIST_FILE = YES;
				IPHONEOS_DEPLOYMENT_TARGET = 18.2;
				MACOSX_DEPLOYMENT_TARGET = 14.6;
				MARKETING_VERSION = 1.0;
				PRODUCT_BUNDLE_IDENTIFIER = RewireApp.RewireTests;
				PRODUCT_NAME = "$(TARGET_NAME)";
				SDKROOT = auto;
				SUPPORTED_PLATFORMS = "iphoneos iphonesimulator macosx xros xrsimulator";
				SWIFT_EMIT_LOC_STRINGS = NO;
				SWIFT_VERSION = 5.0;
				TARGETED_DEVICE_FAMILY = "1,2,7";
				TEST_HOST = "$(BUILT_PRODUCTS_DIR)/Rewire.app/$(BUNDLE_EXECUTABLE_FOLDER_PATH)/Rewire";
				XROS_DEPLOYMENT_TARGET = 2.2;
			};
			name = Release;
		};
		886D18D82D811826005E8578 /* Debug */ = {
			isa = XCBuildConfiguration;
			buildSettings = {
				CODE_SIGN_STYLE = Automatic;
				CURRENT_PROJECT_VERSION = 1;
				GENERATE_INFOPLIST_FILE = YES;
				IPHONEOS_DEPLOYMENT_TARGET = 18.2;
				MACOSX_DEPLOYMENT_TARGET = 14.6;
				MARKETING_VERSION = 1.0;
				PRODUCT_BUNDLE_IDENTIFIER = RewireApp.RewireUITests;
				PRODUCT_NAME = "$(TARGET_NAME)";
				SDKROOT = auto;
				SUPPORTED_PLATFORMS = "iphoneos iphonesimulator macosx xros xrsimulator";
				SWIFT_EMIT_LOC_STRINGS = NO;
				SWIFT_VERSION = 5.0;
				TARGETED_DEVICE_FAMILY = "1,2,7";
				TEST_TARGET_NAME = Rewire;
				XROS_DEPLOYMENT_TARGET = 2.2;
			};
			name = Debug;
		};
		886D18D92D811826005E8578 /* Release */ = {
			isa = XCBuildConfiguration;
			buildSettings = {
				CODE_SIGN_STYLE = Automatic;
				CURRENT_PROJECT_VERSION = 1;
				GENERATE_INFOPLIST_FILE = YES;
				IPHONEOS_DEPLOYMENT_TARGET = 18.2;
				MACOSX_DEPLOYMENT_TARGET = 14.6;
				MARKETING_VERSION = 1.0;
				PRODUCT_BUNDLE_IDENTIFIER = RewireApp.RewireUITests;
				PRODUCT_NAME = "$(TARGET_NAME)";
				SDKROOT = auto;
				SUPPORTED_PLATFORMS = "iphoneos iphonesimulator macosx xros xrsimulator";
				SWIFT_EMIT_LOC_STRINGS = NO;
				SWIFT_VERSION = 5.0;
				TARGETED_DEVICE_FAMILY = "1,2,7";
				TEST_TARGET_NAME = Rewire;
				XROS_DEPLOYMENT_TARGET = 2.2;
			};
			name = Release;
		};
/* End XCBuildConfiguration section */

/* Begin XCConfigurationList section */
		886D18A72D811824005E8578 /* Build configuration list for PBXProject "Rewire" */ = {
			isa = XCConfigurationList;
			buildConfigurations = (
				886D18CF2D811826005E8578 /* Debug */,
				886D18D02D811826005E8578 /* Release */,
			);
			defaultConfigurationIsVisible = 0;
			defaultConfigurationName = Release;
		};
		886D18D12D811826005E8578 /* Build configuration list for PBXNativeTarget "Rewire" */ = {
			isa = XCConfigurationList;
			buildConfigurations = (
				886D18D22D811826005E8578 /* Debug */,
				886D18D32D811826005E8578 /* Release */,
			);
			defaultConfigurationIsVisible = 0;
			defaultConfigurationName = Release;
		};
		886D18D42D811826005E8578 /* Build configuration list for PBXNativeTarget "RewireTests" */ = {
			isa = XCConfigurationList;
			buildConfigurations = (
				886D18D52D811826005E8578 /* Debug */,
				886D18D62D811826005E8578 /* Release */,
			);
			defaultConfigurationIsVisible = 0;
			defaultConfigurationName = Release;
		};
		886D18D72D811826005E8578 /* Build configuration list for PBXNativeTarget "RewireUITests" */ = {
			isa = XCConfigurationList;
			buildConfigurations = (
				886D18D82D811826005E8578 /* Debug */,
				886D18D92D811826005E8578 /* Release */,
			);
			defaultConfigurationIsVisible = 0;
			defaultConfigurationName = Release;
		};
/* End XCConfigurationList section */
	};
	rootObject = 886D18A42D811824005E8578 /* Project object */;
}
